
Microsoft Visual Studio Solution File, Format Version 12.00
# Visual Studio 15
VisualStudioVersion = 15.0.27004.2006
MinimumVisualStudioVersion = 10.0.40219.1
Project("{FAE04EC0-301F-11D3-BF4B-00C04F79EFBC}") = "Classroom", "Classroom\Classroom.csproj", "{6DAA7E3C-7422-4040-9593-91D5FC00F942}"
EndProject
Project("{8BC9CEB8-8B4A-11D0-8D11-00A0C91BC942}") = "zoom_sdk_dotnet_wrap", "..\zoom_sdk_c_sharp_wrap\zoom_sdk_c_sharp_wrap.vcxproj", "{7B5A8DA1-8C98-40FD-B243-DC7A17011D33}"
EndProject
Project("{8BC9CEB8-8B4A-11D0-8D11-00A0C91BC942}") = "zoom_sdk_dotnet_wrap_edu", "zoom_sdk_dotnet_wrap_edu\zoom_sdk_dotnet_wrap_edu.vcxproj", "{7683F42D-56A8-477D-A5DE-6E3889B7867B}"
EndProject
Global
	GlobalSection(SolutionConfigurationPlatforms) = preSolution
		Debug|Any CPU = Debug|Any CPU
		Debug|x64 = Debug|x64
		Debug|x86 = Debug|x86
		Release|Any CPU = Release|Any CPU
		Release|x64 = Release|x64
		Release|x86 = Release|x86
	EndGlobalSection
	GlobalSection(ProjectConfigurationPlatforms) = postSolution
		{6DAA7E3C-7422-4040-9593-91D5FC00F942}.Debug|Any CPU.ActiveCfg = Release|Any CPU
		{6DAA7E3C-7422-4040-9593-91D5FC00F942}.Debug|Any CPU.Build.0 = Release|Any CPU
		{6DAA7E3C-7422-4040-9593-91D5FC00F942}.Debug|x64.ActiveCfg = Debug|Any CPU
		{6DAA7E3C-7422-4040-9593-91D5FC00F942}.Debug|x64.Build.0 = Debug|Any CPU
		{6DAA7E3C-7422-4040-9593-91D5FC00F942}.Debug|x86.ActiveCfg = Debug|Any CPU
		{6DAA7E3C-7422-4040-9593-91D5FC00F942}.Debug|x86.Build.0 = Debug|Any CPU
		{6DAA7E3C-7422-4040-9593-91D5FC00F942}.Release|Any CPU.ActiveCfg = Release|Any CPU
		{6DAA7E3C-7422-4040-9593-91D5FC00F942}.Release|Any CPU.Build.0 = Release|Any CPU
		{6DAA7E3C-7422-4040-9593-91D5FC00F942}.Release|x64.ActiveCfg = Release|Any CPU
		{6DAA7E3C-7422-4040-9593-91D5FC00F942}.Release|x64.Build.0 = Release|Any CPU
		{6DAA7E3C-7422-4040-9593-91D5FC00F942}.Release|x86.ActiveCfg = Release|Any CPU
		{6DAA7E3C-7422-4040-9593-91D5FC00F942}.Release|x86.Build.0 = Release|Any CPU
		{7B5A8DA1-8C98-40FD-B243-DC7A17011D33}.Debug|Any CPU.ActiveCfg = Debug|Win32
		{7B5A8DA1-8C98-40FD-B243-DC7A17011D33}.Debug|x64.ActiveCfg = Debug|x64
		{7B5A8DA1-8C98-40FD-B243-DC7A17011D33}.Debug|x64.Build.0 = Debug|x64
		{7B5A8DA1-8C98-40FD-B243-DC7A17011D33}.Debug|x86.ActiveCfg = Debug|Win32
		{7B5A8DA1-8C98-40FD-B243-DC7A17011D33}.Debug|x86.Build.0 = Debug|Win32
		{7B5A8DA1-8C98-40FD-B243-DC7A17011D33}.Release|Any CPU.ActiveCfg = Release|Win32
		{7B5A8DA1-8C98-40FD-B243-DC7A17011D33}.Release|x64.ActiveCfg = Release|x64
		{7B5A8DA1-8C98-40FD-B243-DC7A17011D33}.Release|x64.Build.0 = Release|x64
		{7B5A8DA1-8C98-40FD-B243-DC7A17011D33}.Release|x86.ActiveCfg = Release|Win32
		{7B5A8DA1-8C98-40FD-B243-DC7A17011D33}.Release|x86.Build.0 = Release|Win32
		{7683F42D-56A8-477D-A5DE-6E3889B7867B}.Debug|Any CPU.ActiveCfg = Debug|Win32
		{7683F42D-56A8-477D-A5DE-6E3889B7867B}.Debug|x64.ActiveCfg = Debug|x64
		{7683F42D-56A8-477D-A5DE-6E3889B7867B}.Debug|x64.Build.0 = Debug|x64
		{7683F42D-56A8-477D-A5DE-6E3889B7867B}.Debug|x86.ActiveCfg = Debug|Win32
		{7683F42D-56A8-477D-A5DE-6E3889B7867B}.Debug|x86.Build.0 = Debug|Win32
		{7683F42D-56A8-477D-A5DE-6E3889B7867B}.Release|Any CPU.ActiveCfg = Release|Win32
		{7683F42D-56A8-477D-A5DE-6E3889B7867B}.Release|x64.ActiveCfg = Release|x64
		{7683F42D-56A8-477D-A5DE-6E3889B7867B}.Release|x64.Build.0 = Release|x64
		{7683F42D-56A8-477D-A5DE-6E3889B7867B}.Release|x86.ActiveCfg = Release|Win32
		{7683F42D-56A8-477D-A5DE-6E3889B7867B}.Release|x86.Build.0 = Release|Win32
	EndGlobalSection
	GlobalSection(SolutionProperties) = preSolution
		HideSolutionNode = FALSE
	EndGlobalSection
	GlobalSection(ExtensibilityGlobals) = postSolution
		SolutionGuid = {788CE113-7B57-4981-937A-8995BE3D86B5}
	EndGlobalSection
EndGlobal
